
Microsoft Visual Studio Solution File, Format Version 12.00
# Visual Studio Version 16
VisualStudioVersion = 16.0.30128.74
MinimumVisualStudioVersion = 10.0.40219.1
Project("{FAE04EC0-301F-11D3-BF4B-00C04F79EFBC}") = "CustomFonts", "CustomFonts\CustomFonts.csproj", "{891AD520-B047-408F-80BE-B847589D0305}"
EndProject
Global
	GlobalSection(SolutionConfigurationPlatforms) = preSolution
		Debug|Any CPU = Debug|Any CPU
		Release|Any CPU = Release|Any CPU
	EndGlobalSection
	GlobalSection(ProjectConfigurationPlatforms) = postSolution
		{891AD520-B047-408F-80BE-B847589D0305}.Debug|Any CPU.ActiveCfg = Debug|Any CPU
		{891AD520-B047-408F-80BE-B847589D0305}.Debug|Any CPU.Build.0 = Debug|Any CPU
		{891AD520-B047-408F-80BE-B847589D0305}.Debug|Any CPU.Deploy.0 = Debug|Any CPU
		{891AD520-B047-408F-80BE-B847589D0305}.Release|Any CPU.ActiveCfg = Release|Any CPU
		{891AD520-B047-408F-80BE-B847589D0305}.Release|Any CPU.Build.0 = Release|Any CPU
		{891AD520-B047-408F-80BE-B847589D0305}.Release|Any CPU.Deploy.0 = Release|Any CPU
	EndGlobalSection
	GlobalSection(SolutionProperties) = preSolution
		HideSolutionNode = FALSE
	EndGlobalSection
	GlobalSection(ExtensibilityGlobals) = postSolution
		SolutionGuid = {04FE6F9B-5518-48C4-B60C-F77CB96E2F6C}
	EndGlobalSection
EndGlobal
